[root]
name = "neat"
version = "0.0.1"
dependencies = [
 "acyclic-network 0.0.1 (git+https://github.com/mneumann/acyclic-network-rs)",
 "asexp 0.3.0 (registry+https://github.com/rust-lang/crates.io-index)",
 "closed01 0.4.0 (registry+https://github.com/rust-lang/crates.io-index)",
 "cppn 0.0.1 (git+https://github.com/mneumann/cppn-rs)",
 "criterion-stats 0.1.0 (registry+https://github.com/rust-lang/crates.io-index)",
 "env_logger 0.3.2 (registry+https://github.com/rust-lang/crates.io-index)",
 "fixedbitset 0.1.0 (registry+https://github.com/rust-lang/crates.io-index)",
 "graph-io-gml 0.1.0 (registry+https://github.com/rust-lang/crates.io-index)",
 "graph-neighbor-matching 0.6.1 (registry+https://github.com/rust-lang/crates.io-index)",
 "log 0.3.5 (registry+https://github.com/rust-lang/crates.io-index)",
 "nsga2 0.0.1 (git+https://github.com/mneumann/nsga2-rs)",
 "petgraph 0.2.3 (registry+https://github.com/rust-lang/crates.io-index)",
 "rand 0.3.14 (registry+https://github.com/rust-lang/crates.io-index)",
 "rayon 0.4.0 (git+https://github.com/nikomatsakis/rayon)",
]

[[package]]
name = "acyclic-network"
version = "0.0.1"
source = "git+https://github.com/mneumann/acyclic-network-rs#00c2b825942fcd85d948aee109fc215bc7348265"
dependencies = [
 "fixedbitset 0.1.0 (registry+https://github.com/rust-lang/crates.io-index)",
 "rand 0.3.14 (registry+https://github.com/rust-lang/crates.io-index)",
]

[[package]]
name = "aho-corasick"
version = "0.5.1"
source = "registry+https://github.com/rust-lang/crates.io-index"
dependencies = [
 "memchr 0.1.10 (registry+https://github.com/rust-lang/crates.io-index)",
]

[[package]]
name = "asexp"
version = "0.3.0"
source = "registry+https://github.com/rust-lang/crates.io-index"

[[package]]
name = "cast"
version = "0.1.0"
source = "registry+https://github.com/rust-lang/crates.io-index"

[[package]]
name = "closed01"
version = "0.4.0"
source = "registry+https://github.com/rust-lang/crates.io-index"
dependencies = [
 "nalgebra 0.5.1 (registry+https://github.com/rust-lang/crates.io-index)",
 "rand 0.3.14 (registry+https://github.com/rust-lang/crates.io-index)",
]

[[package]]
name = "cppn"
version = "0.0.1"
source = "git+https://github.com/mneumann/cppn-rs#d9e50a47f8187fa9338c23d521530b4f20219143"
dependencies = [
 "acyclic-network 0.0.1 (git+https://github.com/mneumann/acyclic-network-rs)",
 "fixedbitset 0.1.0 (registry+https://github.com/rust-lang/crates.io-index)",
]

[[package]]
name = "criterion-stats"
version = "0.1.0"
source = "registry+https://github.com/rust-lang/crates.io-index"
dependencies = [
 "cast 0.1.0 (registry+https://github.com/rust-lang/crates.io-index)",
 "floaty 0.1.0 (registry+https://github.com/rust-lang/crates.io-index)",
 "num_cpus 0.2.11 (registry+https://github.com/rust-lang/crates.io-index)",
 "rand 0.3.14 (registry+https://github.com/rust-lang/crates.io-index)",
 "thread-scoped 1.0.1 (registry+https://github.com/rust-lang/crates.io-index)",
]

[[package]]
name = "deque"
version = "0.3.1"
source = "registry+https://github.com/rust-lang/crates.io-index"
dependencies = [
 "rand 0.3.14 (registry+https://github.com/rust-lang/crates.io-index)",
]

[[package]]
name = "env_logger"
version = "0.3.2"
source = "registry+https://github.com/rust-lang/crates.io-index"
dependencies = [
 "log 0.3.5 (registry+https://github.com/rust-lang/crates.io-index)",
 "regex 0.1.55 (registry+https://github.com/rust-lang/crates.io-index)",
]

[[package]]
name = "fixedbitset"
version = "0.1.0"
source = "registry+https://github.com/rust-lang/crates.io-index"

[[package]]
name = "floaty"
version = "0.1.0"
source = "registry+https://github.com/rust-lang/crates.io-index"
dependencies = [
 "cast 0.1.0 (registry+https://github.com/rust-lang/crates.io-index)",
]

[[package]]
name = "graph-io-gml"
version = "0.1.0"
source = "registry+https://github.com/rust-lang/crates.io-index"
dependencies = [
 "asexp 0.3.0 (registry+https://github.com/rust-lang/crates.io-index)",
 "petgraph 0.2.3 (registry+https://github.com/rust-lang/crates.io-index)",
]

[[package]]
name = "graph-neighbor-matching"
version = "0.6.1"
source = "registry+https://github.com/rust-lang/crates.io-index"
dependencies = [
 "closed01 0.4.0 (registry+https://github.com/rust-lang/crates.io-index)",
 "munkres 0.2.0 (registry+https://github.com/rust-lang/crates.io-index)",
 "nalgebra 0.5.1 (registry+https://github.com/rust-lang/crates.io-index)",
 "petgraph 0.2.3 (registry+https://github.com/rust-lang/crates.io-index)",
]

[[package]]
name = "kernel32-sys"
version = "0.2.1"
source = "registry+https://github.com/rust-lang/crates.io-index"
dependencies = [
 "winapi 0.2.5 (registry+https://github.com/rust-lang/crates.io-index)",
 "winapi-build 0.1.1 (registry+https://github.com/rust-lang/crates.io-index)",
]

[[package]]
name = "libc"
version = "0.2.8"
source = "registry+https://github.com/rust-lang/crates.io-index"

[[package]]
name = "log"
version = "0.3.5"
source = "registry+https://github.com/rust-lang/crates.io-index"
dependencies = [
 "libc 0.2.8 (registry+https://github.com/rust-lang/crates.io-index)",
]

[[package]]
name = "memchr"
version = "0.1.10"
source = "registry+https://github.com/rust-lang/crates.io-index"
dependencies = [
 "libc 0.2.8 (registry+https://github.com/rust-lang/crates.io-index)",
]

[[package]]
name = "munkres"
version = "0.2.0"
source = "registry+https://github.com/rust-lang/crates.io-index"
dependencies = [
 "fixedbitset 0.1.0 (registry+https://github.com/rust-lang/crates.io-index)",
]

[[package]]
name = "nalgebra"
version = "0.5.1"
source = "registry+https://github.com/rust-lang/crates.io-index"
dependencies = [
 "num 0.1.31 (registry+https://github.com/rust-lang/crates.io-index)",
 "rand 0.3.14 (registry+https://github.com/rust-lang/crates.io-index)",
 "rustc-serialize 0.3.18 (registry+https://github.com/rust-lang/crates.io-index)",
]

[[package]]
name = "nsga2"
version = "0.0.1"
source = "git+https://github.com/mneumann/nsga2-rs#d02c27c622b74fbb452bdd44e11d3ecdcd5a39b7"
dependencies = [
 "rand 0.3.14 (registry+https://github.com/rust-lang/crates.io-index)",
 "rayon 0.4.0 (git+https://github.com/nikomatsakis/rayon)",
 "time 0.1.34 (registry+https://github.com/rust-lang/crates.io-index)",
]

[[package]]
name = "num"
version = "0.1.31"
source = "registry+https://github.com/rust-lang/crates.io-index"
dependencies = [
 "rand 0.3.14 (registry+https://github.com/rust-lang/crates.io-index)",
 "rustc-serialize 0.3.18 (registry+https://github.com/rust-lang/crates.io-index)",
]

[[package]]
name = "num_cpus"
version = "0.2.11"
source = "registry+https://github.com/rust-lang/crates.io-index"
dependencies = [
 "libc 0.2.8 (registry+https://github.com/rust-lang/crates.io-index)",
]

[[package]]
name = "petgraph"
version = "0.2.3"
source = "registry+https://github.com/rust-lang/crates.io-index"
dependencies = [
 "fixedbitset 0.1.0 (registry+https://github.com/rust-lang/crates.io-index)",
]

[[package]]
name = "rand"
version = "0.3.14"
source = "registry+https://github.com/rust-lang/crates.io-index"
dependencies = [
 "libc 0.2.8 (registry+https://github.com/rust-lang/crates.io-index)",
]

[[package]]
name = "rayon"
version = "0.4.0"
source = "git+https://github.com/nikomatsakis/rayon#febf0cdf0370d61d473da1257f27735e2728f0a6"
dependencies = [
 "deque 0.3.1 (registry+https://github.com/rust-lang/crates.io-index)",
 "num_cpus 0.2.11 (registry+https://github.com/rust-lang/crates.io-index)",
 "rand 0.3.14 (registry+https://github.com/rust-lang/crates.io-index)",
]

[[package]]
name = "regex"
version = "0.1.55"
source = "registry+https://github.com/rust-lang/crates.io-index"
dependencies = [
 "aho-corasick 0.5.1 (registry+https://github.com/rust-lang/crates.io-index)",
 "memchr 0.1.10 (registry+https://github.com/rust-lang/crates.io-index)",
 "regex-syntax 0.2.5 (registry+https://github.com/rust-lang/crates.io-index)",
 "utf8-ranges 0.1.3 (registry+https://github.com/rust-lang/crates.io-index)",
]

[[package]]
name = "regex-syntax"
version = "0.2.5"
source = "registry+https://github.com/rust-lang/crates.io-index"

[[package]]
name = "rustc-serialize"
version = "0.3.18"
source = "registry+https://github.com/rust-lang/crates.io-index"

[[package]]
name = "thread-scoped"
version = "1.0.1"
source = "registry+https://github.com/rust-lang/crates.io-index"

[[package]]
name = "time"
version = "0.1.34"
source = "registry+https://github.com/rust-lang/crates.io-index"
dependencies = [
 "kernel32-sys 0.2.1 (registry+https://github.com/rust-lang/crates.io-index)",
 "libc 0.2.8 (registry+https://github.com/rust-lang/crates.io-index)",
 "winapi 0.2.5 (registry+https://github.com/rust-lang/crates.io-index)",
]

[[package]]
name = "utf8-ranges"
version = "0.1.3"
source = "registry+https://github.com/rust-lang/crates.io-index"

[[package]]
name = "winapi"
version = "0.2.5"
source = "registry+https://github.com/rust-lang/crates.io-index"

[[package]]
name = "winapi-build"
version = "0.1.1"
source = "registry+https://github.com/rust-lang/crates.io-index"

